
Microsoft Visual Studio Solution File, Format Version 12.00
# Visual Studio Version 17
VisualStudioVersion = 17.3.32901.215
MinimumVisualStudioVersion = 10.0.40219.1
Project("{FAE04EC0-301F-11D3-BF4B-00C04F79EFBC}") = "UniFSharp", "UniFSharp.csproj", "{326010A9-D826-42A8-B26A-E116B2565E1D}"
EndProject
Global
	GlobalSection(SolutionConfigurationPlatforms) = preSolution
		Debug|Any CPU = Debug|Any CPU
		Release|Any CPU = Release|Any CPU
	EndGlobalSection
	GlobalSection(ProjectConfigurationPlatforms) = postSolution
		{326010A9-D826-42A8-B26A-E116B2565E1D}.Debug|Any CPU.ActiveCfg = Debug|Any CPU
		{326010A9-D826-42A8-B26A-E116B2565E1D}.Debug|Any CPU.Build.0 = Debug|Any CPU
		{326010A9-D826-42A8-B26A-E116B2565E1D}.Release|Any CPU.ActiveCfg = Release|Any CPU
		{326010A9-D826-42A8-B26A-E116B2565E1D}.Release|Any CPU.Build.0 = Release|Any CPU
	EndGlobalSection
	GlobalSection(SolutionProperties) = preSolution
		HideSolutionNode = FALSE
	EndGlobalSection
	GlobalSection(ExtensibilityGlobals) = postSolution
		SolutionGuid = {763A505E-C106-4F9E-A897-71B13F8DD5AA}
	EndGlobalSection
EndGlobal
